<Solution>
  <Folder Name="/src/">
    <File Path="docker-compose.yml" />
    <Project Path="src/TrustPay.Api/TrustPay.Api.csproj" />
    <Project Path="src/TrustPay.Application/TrustPay.Application.csproj" />
    <Project Path="src/TrustPay.Domain/TrustPay.Domain.csproj" />
    <Project Path="src/TrustPay.Infrastructure/TrustPay.Infrastructure.csproj" />
  </Folder>
  <Folder Name="/tests/">
    <Project Path="TrustPay.UnitTests/TrustPay.UnitTests.csproj" Id="011588b8-9e75-48ba-93d1-b029c3936059" />
  </Folder>
</Solution>
